
Microsoft Visual Studio Solution File, Format Version 12.00
# Visual Studio Version 16
VisualStudioVersion = 16.0.30002.166
MinimumVisualStudioVersion = 10.0.40219.1
Project("{FAE04EC0-301F-11D3-BF4B-00C04F79EFBC}") = "ColaAutomat", "ColaAutomat.csproj", "{53FB6487-CD8D-4D6A-9FFA-233BB55EA166}"
EndProject
Global
	GlobalSection(SolutionConfigurationPlatforms) = preSolution
		Debug|Any CPU = Debug|Any CPU
		Release|Any CPU = Release|Any CPU
	EndGlobalSection
	GlobalSection(ProjectConfigurationPlatforms) = postSolution
		{53FB6487-CD8D-4D6A-9FFA-233BB55EA166}.Debug|Any CPU.ActiveCfg = Debug|Any CPU
		{53FB6487-CD8D-4D6A-9FFA-233BB55EA166}.Debug|Any CPU.Build.0 = Debug|Any CPU
		{53FB6487-CD8D-4D6A-9FFA-233BB55EA166}.Release|Any CPU.ActiveCfg = Release|Any CPU
		{53FB6487-CD8D-4D6A-9FFA-233BB55EA166}.Release|Any CPU.Build.0 = Release|Any CPU
	EndGlobalSection
	GlobalSection(SolutionProperties) = preSolution
		HideSolutionNode = FALSE
	EndGlobalSection
	GlobalSection(ExtensibilityGlobals) = postSolution
		SolutionGuid = {89F50CD1-E29E-41B6-BB18-2FE3960303F8}
	EndGlobalSection
EndGlobal
