
Microsoft Visual Studio Solution File, Format Version 12.00
# Visual Studio Version 16
VisualStudioVersion = 16.0.29926.136
MinimumVisualStudioVersion = 10.0.40219.1
Project("{9A19103F-16F7-4668-BE54-9A1E7A4F7556}") = "SimpleEndpoints", "SimpleEndpoints\SimpleEndpoints.csproj", "{5C18001C-8DA4-416C-80A7-A6E853FCFF2D}"
EndProject
Global
	GlobalSection(SolutionConfigurationPlatforms) = preSolution
		Debug|Any CPU = Debug|Any CPU
		Release|Any CPU = Release|Any CPU
	EndGlobalSection
	GlobalSection(ProjectConfigurationPlatforms) = postSolution
		{5C18001C-8DA4-416C-80A7-A6E853FCFF2D}.Debug|Any CPU.ActiveCfg = Debug|Any CPU
		{5C18001C-8DA4-416C-80A7-A6E853FCFF2D}.Debug|Any CPU.Build.0 = Debug|Any CPU
		{5C18001C-8DA4-416C-80A7-A6E853FCFF2D}.Release|Any CPU.ActiveCfg = Release|Any CPU
		{5C18001C-8DA4-416C-80A7-A6E853FCFF2D}.Release|Any CPU.Build.0 = Release|Any CPU
	EndGlobalSection
	GlobalSection(SolutionProperties) = preSolution
		HideSolutionNode = FALSE
	EndGlobalSection
	GlobalSection(ExtensibilityGlobals) = postSolution
		SolutionGuid = {CB05BF1B-6420-4065-999F-72CEDB178EBE}
	EndGlobalSection
EndGlobal
